<?xml version="1.0" encoding="utf-8"?>
<Project ToolsVersion="4.0" xmlns="http://schemas.microsoft.com/developer/msbuild/2003">
  <ItemGroup>
    <Filter Include="Source Files">
      <UniqueIdentifier>{4FC737F1-C7A5-4376-A066-2A32D752A2FF}</UniqueIdentifier>
      <Extensions>cpp;c;cc;cxx;c++;cppm;ixx;def;odl;idl;hpj;bat;asm;asmx</Extensions>
    </Filter>
    <Filter Include="Header Files">
      <UniqueIdentifier>{93995380-89BD-4b04-88EB-625FBE52EBFB}</UniqueIdentifier>
      <Extensions>h;hh;hpp;hxx;h++;hm;inl;inc;ipp;xsd</Extensions>
    </Filter>
    <Filter Include="Resource Files">
      <UniqueIdentifier>{67DA6AB6-F800-4c08-8B7A-83BB121AAD01}</UniqueIdentifier>
      <Extensions>rc;ico;cur;bmp;dlg;rc2;rct;bin;rgs;gif;jpg;jpeg;jpe;resx;tiff;tif;png;wav;mfcribbon-ms</Extensions>
    </Filter>
    <Filter Include="Header Files\Light">
      <UniqueIdentifier>{60204b1b-c2f7-43d6-bd96-1831d3a49ffd}</UniqueIdentifier>
    </Filter>
  </ItemGroup>
  <ItemGroup>
    <ClCompile Include="src\Source.cpp">
      <Filter>Source Files</Filter>
    </ClCompile>
    <ClCompile Include="glad.c">
      <Filter>Source Files</Filter>
    </ClCompile>
    <ClCompile Include="header\light\light.cpp">
      <Filter>Header Files\Light</Filter>
    </ClCompile>
    <ClCompile Include="src\util.h">
      <Filter>Source Files</Filter>
    </ClCompile>
    <ClCompile Include="src\tmp.cpp">
      <Filter>Source Files</Filter>
    </ClCompile>
  </ItemGroup>
  <ItemGroup>
    <ClInclude Include="header\camera.h">
      <Filter>Header Files</Filter>
    </ClInclude>
    <ClInclude Include="header\mesh.h">
      <Filter>Header Files</Filter>
    </ClInclude>
    <ClInclude Include="header\model.h">
      <Filter>Header Files</Filter>
    </ClInclude>
    <ClInclude Include="header\shader_m.h">
      <Filter>Header Files</Filter>
    </ClInclude>
    <ClInclude Include="header\stb_image.h">
      <Filter>Header Files</Filter>
    </ClInclude>
    <ClInclude Include="header\light\light.h">
      <Filter>Header Files\Light</Filter>
    </ClInclude>
  </ItemGroup>
  <ItemGroup>
    <None Include="src\shader.fs">
      <Filter>Source Files</Filter>
    </None>
    <None Include="src\shader.vs">
      <Filter>Source Files</Filter>
    </None>
    <None Include="src\texture.vs">
      <Filter>Source Files</Filter>
    </None>
    <None Include="src\texture.fs">
      <Filter>Source Files</Filter>
    </None>
    <None Include="src\blur.fs">
      <Filter>Source Files</Filter>
    </None>
    <None Include="src\blur.vs">
      <Filter>Source Files</Filter>
    </None>
    <None Include="src\bloom.fs">
      <Filter>Source Files</Filter>
    </None>
    <None Include="src\bloom.vs">
      <Filter>Source Files</Filter>
    </None>
    <None Include="src\lightBox.fs">
      <Filter>Source Files</Filter>
    </None>
    <None Include="src\7.bloom.fs">
      <Filter>Source Files</Filter>
    </None>
    <None Include="src\7.bloom.vs">
      <Filter>Source Files</Filter>
    </None>
    <None Include="src\7.bloom_final.fs">
      <Filter>Source Files</Filter>
    </None>
    <None Include="src\7.bloom_final.vs">
      <Filter>Source Files</Filter>
    </None>
    <None Include="src\7.blur.fs">
      <Filter>Source Files</Filter>
    </None>
    <None Include="src\7.blur.vs">
      <Filter>Source Files</Filter>
    </None>
    <None Include="src\7.light_box.fs">
      <Filter>Source Files</Filter>
    </None>
  </ItemGroup>
  <ItemGroup>
    <Image Include="res\texture\wood.png">
      <Filter>Resource Files</Filter>
    </Image>
  </ItemGroup>
</Project>